// !$*UTF8*$!
{
	archiveVersion = 1;
	classes = {
	};
	objectVersion = 56;
	objects = {

/* Begin PBXBuildFile section */
		8429EC3D2B5B063D00BDC9EB /* MovieAppApp.swift in Sources */ = {isa = PBXBuildFile; fileRef = 8429EC3C2B5B063D00BDC9EB /* MovieAppApp.swift */; };
		8429EC3F2B5B063D00BDC9EB /* ContentView.swift in Sources */ = {isa = PBXBuildFile; fileRef = 8429EC3E2B5B063D00BDC9EB /* ContentView.swift */; };
		8429EC412B5B063F00BDC9EB /* Assets.xcassets in Resources */ = {isa = PBXBuildFile; fileRef = 8429EC402B5B063F00BDC9EB /* Assets.xcassets */; };
		8429EC442B5B063F00BDC9EB /* Preview Assets.xcassets in Resources */ = {isa = PBXBuildFile; fileRef = 8429EC432B5B063F00BDC9EB /* Preview Assets.xcassets */; };
		8429EC4E2B5B064000BDC9EB /* MovieAppTests.swift in Sources */ = {isa = PBXBuildFile; fileRef = 8429EC4D2B5B064000BDC9EB /* MovieAppTests.swift */; };
		8429EC582B5B064000BDC9EB /* MovieAppUITests.swift in Sources */ = {isa = PBXBuildFile; fileRef = 8429EC572B5B064000BDC9EB /* MovieAppUITests.swift */; };
		8429EC5A2B5B064000BDC9EB /* MovieAppUITestsLaunchTests.swift in Sources */ = {isa = PBXBuildFile; fileRef = 8429EC592B5B064000BDC9EB /* MovieAppUITestsLaunchTests.swift */; };
		8429EC6C2B5B076100BDC9EB /* Constants.swift in Sources */ = {isa = PBXBuildFile; fileRef = 8429EC6B2B5B076100BDC9EB /* Constants.swift */; };
		8429EC6E2B5B0F6800BDC9EB /* Movie.swift in Sources */ = {isa = PBXBuildFile; fileRef = 8429EC6D2B5B0F6800BDC9EB /* Movie.swift */; };
		8429EC702B5B0F9A00BDC9EB /* MovieList.swift in Sources */ = {isa = PBXBuildFile; fileRef = 8429EC6F2B5B0F9A00BDC9EB /* MovieList.swift */; };
		8429EC722B5B100000BDC9EB /* MovieListViewModel.swift in Sources */ = {isa = PBXBuildFile; fileRef = 8429EC712B5B100000BDC9EB /* MovieListViewModel.swift */; };
		8429EC742B5BA1E600BDC9EB /* NetworkService.swift in Sources */ = {isa = PBXBuildFile; fileRef = 8429EC732B5BA1E600BDC9EB /* NetworkService.swift */; };
/* End PBXBuildFile section */

/* Begin PBXContainerItemProxy section */
		8429EC4A2B5B064000BDC9EB /* PBXContainerItemProxy */ = {
			isa = PBXContainerItemProxy;
			containerPortal = 8429EC312B5B063D00BDC9EB /* Project object */;
			proxyType = 1;
			remoteGlobalIDString = 8429EC382B5B063D00BDC9EB;
			remoteInfo = MovieApp;
		};
		8429EC542B5B064000BDC9EB /* PBXContainerItemProxy */ = {
			isa = PBXContainerItemProxy;
			containerPortal = 8429EC312B5B063D00BDC9EB /* Project object */;
			proxyType = 1;
			remoteGlobalIDString = 8429EC382B5B063D00BDC9EB;
			remoteInfo = MovieApp;
		};
/* End PBXContainerItemProxy section */

/* Begin PBXFileReference section */
		8429EC392B5B063D00BDC9EB /* MovieApp.app */ = {isa = PBXFileReference; explicitFileType = wrapper.application; includeInIndex = 0; path = MovieApp.app; sourceTree = BUILT_PRODUCTS_DIR; };
		8429EC3C2B5B063D00BDC9EB /* MovieAppApp.swift */ = {isa = PBXFileReference; lastKnownFileType = sourcecode.swift; path = MovieAppApp.swift; sourceTree = "<group>"; };
		8429EC3E2B5B063D00BDC9EB /* ContentView.swift */ = {isa = PBXFileReference; lastKnownFileType = sourcecode.swift; path = ContentView.swift; sourceTree = "<group>"; };
		8429EC402B5B063F00BDC9EB /* Assets.xcassets */ = {isa = PBXFileReference; lastKnownFileType = folder.assetcatalog; path = Assets.xcassets; sourceTree = "<group>"; };
		8429EC432B5B063F00BDC9EB /* Preview Assets.xcassets */ = {isa = PBXFileReference; lastKnownFileType = folder.assetcatalog; path = "Preview Assets.xcassets"; sourceTree = "<group>"; };
		8429EC492B5B064000BDC9EB /* MovieAppTests.xctest */ = {isa = PBXFileReference; explicitFileType = wrapper.cfbundle; includeInIndex = 0; path = MovieAppTests.xctest; sourceTree = BUILT_PRODUCTS_DIR; };
		8429EC4D2B5B064000BDC9EB /* MovieAppTests.swift */ = {isa = PBXFileReference; lastKnownFileType = sourcecode.swift; path = MovieAppTests.swift; sourceTree = "<group>"; };
		8429EC532B5B064000BDC9EB /* MovieAppUITests.xctest */ = {isa = PBXFileReference; explicitFileType = wrapper.cfbundle; includeInIndex = 0; path = MovieAppUITests.xctest; sourceTree = BUILT_PRODUCTS_DIR; };
		8429EC572B5B064000BDC9EB /* MovieAppUITests.swift */ = {isa = PBXFileReference; lastKnownFileType = sourcecode.swift; path = MovieAppUITests.swift; sourceTree = "<group>"; };
		8429EC592B5B064000BDC9EB /* MovieAppUITestsLaunchTests.swift */ = {isa = PBXFileReference; lastKnownFileType = sourcecode.swift; path = MovieAppUITestsLaunchTests.swift; sourceTree = "<group>"; };
		8429EC6B2B5B076100BDC9EB /* Constants.swift */ = {isa = PBXFileReference; lastKnownFileType = sourcecode.swift; path = Constants.swift; sourceTree = "<group>"; };
		8429EC6D2B5B0F6800BDC9EB /* Movie.swift */ = {isa = PBXFileReference; lastKnownFileType = sourcecode.swift; path = Movie.swift; sourceTree = "<group>"; };
		8429EC6F2B5B0F9A00BDC9EB /* MovieList.swift */ = {isa = PBXFileReference; lastKnownFileType = sourcecode.swift; path = MovieList.swift; sourceTree = "<group>"; };
		8429EC712B5B100000BDC9EB /* MovieListViewModel.swift */ = {isa = PBXFileReference; lastKnownFileType = sourcecode.swift; path = MovieListViewModel.swift; sourceTree = "<group>"; };
		8429EC732B5BA1E600BDC9EB /* NetworkService.swift */ = {isa = PBXFileReference; lastKnownFileType = sourcecode.swift; path = NetworkService.swift; sourceTree = "<group>"; };
/* End PBXFileReference section */

/* Begin PBXFrameworksBuildPhase section */
		8429EC362B5B063D00BDC9EB /* Frameworks */ = {
			isa = PBXFrameworksBuildPhase;
			buildActionMask = 2147483647;
			files = (
			);
			runOnlyForDeploymentPostprocessing = 0;
		};
		8429EC462B5B064000BDC9EB /* Frameworks */ = {
			isa = PBXFrameworksBuildPhase;
			buildActionMask = 2147483647;
			files = (
			);
			runOnlyForDeploymentPostprocessing = 0;
		};
		8429EC502B5B064000BDC9EB /* Frameworks */ = {
			isa = PBXFrameworksBuildPhase;
			buildActionMask = 2147483647;
			files = (
			);
			runOnlyForDeploymentPostprocessing = 0;
		};
/* End PBXFrameworksBuildPhase section */

/* Begin PBXGroup section */
		8429EC302B5B063D00BDC9EB = {
			isa = PBXGroup;
			children = (
				8429EC3B2B5B063D00BDC9EB /* MovieApp */,
				8429EC4C2B5B064000BDC9EB /* MovieAppTests */,
				8429EC562B5B064000BDC9EB /* MovieAppUITests */,
				8429EC3A2B5B063D00BDC9EB /* Products */,
			);
			sourceTree = "<group>";
		};
		8429EC3A2B5B063D00BDC9EB /* Products */ = {
			isa = PBXGroup;
			children = (
				8429EC392B5B063D00BDC9EB /* MovieApp.app */,
				8429EC492B5B064000BDC9EB /* MovieAppTests.xctest */,
				8429EC532B5B064000BDC9EB /* MovieAppUITests.xctest */,
			);
			name = Products;
			sourceTree = "<group>";
		};
		8429EC3B2B5B063D00BDC9EB /* MovieApp */ = {
			isa = PBXGroup;
			children = (
				8429EC6A2B5B072D00BDC9EB /* Utils */,
				8429EC692B5B06D400BDC9EB /* NetworkLayer */,
				8429EC682B5B06C300BDC9EB /* Model */,
				8429EC672B5B06B200BDC9EB /* ViewModel */,
				8429EC662B5B06AB00BDC9EB /* View */,
				8429EC3C2B5B063D00BDC9EB /* MovieAppApp.swift */,
				8429EC3E2B5B063D00BDC9EB /* ContentView.swift */,
				8429EC402B5B063F00BDC9EB /* Assets.xcassets */,
				8429EC422B5B063F00BDC9EB /* Preview Content */,
			);
			path = MovieApp;
			sourceTree = "<group>";
		};
		8429EC422B5B063F00BDC9EB /* Preview Content */ = {
			isa = PBXGroup;
			children = (
				8429EC432B5B063F00BDC9EB /* Preview Assets.xcassets */,
			);
			path = "Preview Content";
			sourceTree = "<group>";
		};
		8429EC4C2B5B064000BDC9EB /* MovieAppTests */ = {
			isa = PBXGroup;
			children = (
				8429EC4D2B5B064000BDC9EB /* MovieAppTests.swift */,
			);
			path = MovieAppTests;
			sourceTree = "<group>";
		};
		8429EC562B5B064000BDC9EB /* MovieAppUITests */ = {
			isa = PBXGroup;
			children = (
				8429EC572B5B064000BDC9EB /* MovieAppUITests.swift */,
				8429EC592B5B064000BDC9EB /* MovieAppUITestsLaunchTests.swift */,
			);
			path = MovieAppUITests;
			sourceTree = "<group>";
		};
		8429EC662B5B06AB00BDC9EB /* View */ = {
			isa = PBXGroup;
			children = (
			);
			path = View;
			sourceTree = "<group>";
		};
		8429EC672B5B06B200BDC9EB /* ViewModel */ = {
			isa = PBXGroup;
			children = (
				8429EC712B5B100000BDC9EB /* MovieListViewModel.swift */,
			);
			path = ViewModel;
			sourceTree = "<group>";
		};
		8429EC682B5B06C300BDC9EB /* Model */ = {
			isa = PBXGroup;
			children = (
				8429EC6D2B5B0F6800BDC9EB /* Movie.swift */,
				8429EC6F2B5B0F9A00BDC9EB /* MovieList.swift */,
			);
			path = Model;
			sourceTree = "<group>";
		};
		8429EC692B5B06D400BDC9EB /* NetworkLayer */ = {
			isa = PBXGroup;
			children = (
				8429EC732B5BA1E600BDC9EB /* NetworkService.swift */,
			);
			path = NetworkLayer;
			sourceTree = "<group>";
		};
		8429EC6A2B5B072D00BDC9EB /* Utils */ = {
			isa = PBXGroup;
			children = (
				8429EC6B2B5B076100BDC9EB /* Constants.swift */,
			);
			path = Utils;
			sourceTree = "<group>";
		};
/* End PBXGroup section */

/* Begin PBXNativeTarget section */
		8429EC382B5B063D00BDC9EB /* MovieApp */ = {
			isa = PBXNativeTarget;
			buildConfigurationList = 8429EC5D2B5B064000BDC9EB /* Build configuration list for PBXNativeTarget "MovieApp" */;
			buildPhases = (
				8429EC352B5B063D00BDC9EB /* Sources */,
				8429EC362B5B063D00BDC9EB /* Frameworks */,
				8429EC372B5B063D00BDC9EB /* Resources */,
			);
			buildRules = (
			);
			dependencies = (
			);
			name = MovieApp;
			productName = MovieApp;
			productReference = 8429EC392B5B063D00BDC9EB /* MovieApp.app */;
			productType = "com.apple.product-type.application";
		};
		8429EC482B5B064000BDC9EB /* MovieAppTests */ = {
			isa = PBXNativeTarget;
			buildConfigurationList = 8429EC602B5B064000BDC9EB /* Build configuration list for PBXNativeTarget "MovieAppTests" */;
			buildPhases = (
				8429EC452B5B064000BDC9EB /* Sources */,
				8429EC462B5B064000BDC9EB /* Frameworks */,
				8429EC472B5B064000BDC9EB /* Resources */,
			);
			buildRules = (
			);
			dependencies = (
				8429EC4B2B5B064000BDC9EB /* PBXTargetDependency */,
			);
			name = MovieAppTests;
			productName = MovieAppTests;
			productReference = 8429EC492B5B064000BDC9EB /* MovieAppTests.xctest */;
			productType = "com.apple.product-type.bundle.unit-test";
		};
		8429EC522B5B064000BDC9EB /* MovieAppUITests */ = {
			isa = PBXNativeTarget;
			buildConfigurationList = 8429EC632B5B064000BDC9EB /* Build configuration list for PBXNativeTarget "MovieAppUITests" */;
			buildPhases = (
				8429EC4F2B5B064000BDC9EB /* Sources */,
				8429EC502B5B064000BDC9EB /* Frameworks */,
				8429EC512B5B064000BDC9EB /* Resources */,
			);
			buildRules = (
			);
			dependencies = (
				8429EC552B5B064000BDC9EB /* PBXTargetDependency */,
			);
			name = MovieAppUITests;
			productName = MovieAppUITests;
			productReference = 8429EC532B5B064000BDC9EB /* MovieAppUITests.xctest */;
			productType = "com.apple.product-type.bundle.ui-testing";
		};
/* End PBXNativeTarget section */

/* Begin PBXProject section */
		8429EC312B5B063D00BDC9EB /* Project object */ = {
			isa = PBXProject;
			attributes = {
				BuildIndependentTargetsInParallel = 1;
				LastSwiftUpdateCheck = 1400;
				LastUpgradeCheck = 1400;
				TargetAttributes = {
					8429EC382B5B063D00BDC9EB = {
						CreatedOnToolsVersion = 14.0;
					};
					8429EC482B5B064000BDC9EB = {
						CreatedOnToolsVersion = 14.0;
						TestTargetID = 8429EC382B5B063D00BDC9EB;
					};
					8429EC522B5B064000BDC9EB = {
						CreatedOnToolsVersion = 14.0;
						TestTargetID = 8429EC382B5B063D00BDC9EB;
					};
				};
			};
			buildConfigurationList = 8429EC342B5B063D00BDC9EB /* Build configuration list for PBXProject "MovieApp" */;
			compatibilityVersion = "Xcode 14.0";
			developmentRegion = en;
			hasScannedForEncodings = 0;
			knownRegions = (
				en,
				Base,
			);
			mainGroup = 8429EC302B5B063D00BDC9EB;
			productRefGroup = 8429EC3A2B5B063D00BDC9EB /* Products */;
			projectDirPath = "";
			projectRoot = "";
			targets = (
				8429EC382B5B063D00BDC9EB /* MovieApp */,
				8429EC482B5B064000BDC9EB /* MovieAppTests */,
				8429EC522B5B064000BDC9EB /* MovieAppUITests */,
			);
		};
/* End PBXProject section */

/* Begin PBXResourcesBuildPhase section */
		8429EC372B5B063D00BDC9EB /* Resources */ = {
			isa = PBXResourcesBuildPhase;
			buildActionMask = 2147483647;
			files = (
				8429EC442B5B063F00BDC9EB /* Preview Assets.xcassets in Resources */,
				8429EC412B5B063F00BDC9EB /* Assets.xcassets in Resources */,
			);
			runOnlyForDeploymentPostprocessing = 0;
		};
		8429EC472B5B064000BDC9EB /* Resources */ = {
			isa = PBXResourcesBuildPhase;
			buildActionMask = 2147483647;
			files = (
			);
			runOnlyForDeploymentPostprocessing = 0;
		};
		8429EC512B5B064000BDC9EB /* Resources */ = {
			isa = PBXResourcesBuildPhase;
			buildActionMask = 2147483647;
			files = (
			);
			runOnlyForDeploymentPostprocessing = 0;
		};
/* End PBXResourcesBuildPhase section */

/* Begin PBXSourcesBuildPhase section */
		8429EC352B5B063D00BDC9EB /* Sources */ = {
			isa = PBXSourcesBuildPhase;
			buildActionMask = 2147483647;
			files = (
				8429EC3F2B5B063D00BDC9EB /* ContentView.swift in Sources */,
				8429EC3D2B5B063D00BDC9EB /* MovieAppApp.swift in Sources */,
				8429EC6E2B5B0F6800BDC9EB /* Movie.swift in Sources */,
				8429EC702B5B0F9A00BDC9EB /* MovieList.swift in Sources */,
				8429EC6C2B5B076100BDC9EB /* Constants.swift in Sources */,
				8429EC722B5B100000BDC9EB /* MovieListViewModel.swift in Sources */,
				8429EC742B5BA1E600BDC9EB /* NetworkService.swift in Sources */,
			);
			runOnlyForDeploymentPostprocessing = 0;
		};
		8429EC452B5B064000BDC9EB /* Sources */ = {
			isa = PBXSourcesBuildPhase;
			buildActionMask = 2147483647;
			files = (
				8429EC4E2B5B064000BDC9EB /* MovieAppTests.swift in Sources */,
			);
			runOnlyForDeploymentPostprocessing = 0;
		};
		8429EC4F2B5B064000BDC9EB /* Sources */ = {
			isa = PBXSourcesBuildPhase;
			buildActionMask = 2147483647;
			files = (
				8429EC5A2B5B064000BDC9EB /* MovieAppUITestsLaunchTests.swift in Sources */,
				8429EC582B5B064000BDC9EB /* MovieAppUITests.swift in Sources */,
			);
			runOnlyForDeploymentPostprocessing = 0;
		};
/* End PBXSourcesBuildPhase section */

/* Begin PBXTargetDependency section */
		8429EC4B2B5B064000BDC9EB /* PBXTargetDependency */ = {
			isa = PBXTargetDependency;
			target = 8429EC382B5B063D00BDC9EB /* MovieApp */;
			targetProxy = 8429EC4A2B5B064000BDC9EB /* PBXContainerItemProxy */;
		};
		8429EC552B5B064000BDC9EB /* PBXTargetDependency */ = {
			isa = PBXTargetDependency;
			target = 8429EC382B5B063D00BDC9EB /* MovieApp */;
			targetProxy = 8429EC542B5B064000BDC9EB /* PBXContainerItemProxy */;
		};
/* End PBXTargetDependency section */

/* Begin XCBuildConfiguration section */
		8429EC5B2B5B064000BDC9EB /* Debug */ = {
			isa = XCBuildConfiguration;
			buildSettings = {
				ALWAYS_SEARCH_USER_PATHS = NO;
				CLANG_ANALYZER_NONNULL = YES;
				CLANG_ANALYZER_NUMBER_OBJECT_CONVERSION = YES_AGGRESSIVE;
				CLANG_CXX_LANGUAGE_STANDARD = "gnu++20";
				CLANG_ENABLE_MODULES = YES;
				CLANG_ENABLE_OBJC_ARC = YES;
				CLANG_ENABLE_OBJC_WEAK = YES;
				CLANG_WARN_BLOCK_CAPTURE_AUTORELEASING = YES;
				CLANG_WARN_BOOL_CONVERSION = YES;
				CLANG_WARN_COMMA = YES;
				CLANG_WARN_CONSTANT_CONVERSION = YES;
				CLANG_WARN_DEPRECATED_OBJC_IMPLEMENTATIONS = YES;
				CLANG_WARN_DIRECT_OBJC_ISA_USAGE = YES_ERROR;
				CLANG_WARN_DOCUMENTATION_COMMENTS = YES;
				CLANG_WARN_EMPTY_BODY = YES;
				CLANG_WARN_ENUM_CONVERSION = YES;
				CLANG_WARN_INFINITE_RECURSION = YES;
				CLANG_WARN_INT_CONVERSION = YES;
				CLANG_WARN_NON_LITERAL_NULL_CONVERSION = YES;
				CLANG_WARN_OBJC_IMPLICIT_RETAIN_SELF = YES;
				CLANG_WARN_OBJC_LITERAL_CONVERSION = YES;
				CLANG_WARN_OBJC_ROOT_CLASS = YES_ERROR;
				CLANG_WARN_QUOTED_INCLUDE_IN_FRAMEWORK_HEADER = YES;
				CLANG_WARN_RANGE_LOOP_ANALYSIS = YES;
				CLANG_WARN_STRICT_PROTOTYPES = YES;
				CLANG_WARN_SUSPICIOUS_MOVE = YES;
				CLANG_WARN_UNGUARDED_AVAILABILITY = YES_AGGRESSIVE;
				CLANG_WARN_UNREACHABLE_CODE = YES;
				CLANG_WARN__DUPLICATE_METHOD_MATCH = YES;
				COPY_PHASE_STRIP = NO;
				DEBUG_INFORMATION_FORMAT = dwarf;
				ENABLE_STRICT_OBJC_MSGSEND = YES;
				ENABLE_TESTABILITY = YES;
				GCC_C_LANGUAGE_STANDARD = gnu11;
				GCC_DYNAMIC_NO_PIC = NO;
				GCC_NO_COMMON_BLOCKS = YES;
				GCC_OPTIMIZATION_LEVEL = 0;
				GCC_PREPROCESSOR_DEFINITIONS = (
					"DEBUG=1",
					"$(inherited)",
				);
				GCC_WARN_64_TO_32_BIT_CONVERSION = YES;
				GCC_WARN_ABOUT_RETURN_TYPE = YES_ERROR;
				GCC_WARN_UNDECLARED_SELECTOR = YES;
				GCC_WARN_UNINITIALIZED_AUTOS = YES_AGGRESSIVE;
				GCC_WARN_UNUSED_FUNCTION = YES;
				GCC_WARN_UNUSED_VARIABLE = YES;
				IPHONEOS_DEPLOYMENT_TARGET = 16.0;
				MTL_ENABLE_DEBUG_INFO = INCLUDE_SOURCE;
				MTL_FAST_MATH = YES;
				ONLY_ACTIVE_ARCH = YES;
				SDKROOT = iphoneos;
				SWIFT_ACTIVE_COMPILATION_CONDITIONS = DEBUG;
				SWIFT_OPTIMIZATION_LEVEL = "-Onone";
			};
			name = Debug;
		};
		8429EC5C2B5B064000BDC9EB /* Release */ = {
			isa = XCBuildConfiguration;
			buildSettings = {
				ALWAYS_SEARCH_USER_PATHS = NO;
				CLANG_ANALYZER_NONNULL = YES;
				CLANG_ANALYZER_NUMBER_OBJECT_CONVERSION = YES_AGGRESSIVE;
				CLANG_CXX_LANGUAGE_STANDARD = "gnu++20";
				CLANG_ENABLE_MODULES = YES;
				CLANG_ENABLE_OBJC_ARC = YES;
				CLANG_ENABLE_OBJC_WEAK = YES;
				CLANG_WARN_BLOCK_CAPTURE_AUTORELEASING = YES;
				CLANG_WARN_BOOL_CONVERSION = YES;
				CLANG_WARN_COMMA = YES;
				CLANG_WARN_CONSTANT_CONVERSION = YES;
				CLANG_WARN_DEPRECATED_OBJC_IMPLEMENTATIONS = YES;
				CLANG_WARN_DIRECT_OBJC_ISA_USAGE = YES_ERROR;
				CLANG_WARN_DOCUMENTATION_COMMENTS = YES;
				CLANG_WARN_EMPTY_BODY = YES;
				CLANG_WARN_ENUM_CONVERSION = YES;
				CLANG_WARN_INFINITE_RECURSION = YES;
				CLANG_WARN_INT_CONVERSION = YES;
				CLANG_WARN_NON_LITERAL_NULL_CONVERSION = YES;
				CLANG_WARN_OBJC_IMPLICIT_RETAIN_SELF = YES;
				CLANG_WARN_OBJC_LITERAL_CONVERSION = YES;
				CLANG_WARN_OBJC_ROOT_CLASS = YES_ERROR;
				CLANG_WARN_QUOTED_INCLUDE_IN_FRAMEWORK_HEADER = YES;
				CLANG_WARN_RANGE_LOOP_ANALYSIS = YES;
				CLANG_WARN_STRICT_PROTOTYPES = YES;
				CLANG_WARN_SUSPICIOUS_MOVE = YES;
				CLANG_WARN_UNGUARDED_AVAILABILITY = YES_AGGRESSIVE;
				CLANG_WARN_UNREACHABLE_CODE = YES;
				CLANG_WARN__DUPLICATE_METHOD_MATCH = YES;
				COPY_PHASE_STRIP = NO;
				DEBUG_INFORMATION_FORMAT = "dwarf-with-dsym";
				ENABLE_NS_ASSERTIONS = NO;
				ENABLE_STRICT_OBJC_MSGSEND = YES;
				GCC_C_LANGUAGE_STANDARD = gnu11;
				GCC_NO_COMMON_BLOCKS = YES;
				GCC_WARN_64_TO_32_BIT_CONVERSION = YES;
				GCC_WARN_ABOUT_RETURN_TYPE = YES_ERROR;
				GCC_WARN_UNDECLARED_SELECTOR = YES;
				GCC_WARN_UNINITIALIZED_AUTOS = YES_AGGRESSIVE;
				GCC_WARN_UNUSED_FUNCTION = YES;
				GCC_WARN_UNUSED_VARIABLE = YES;
				IPHONEOS_DEPLOYMENT_TARGET = 16.0;
				MTL_ENABLE_DEBUG_INFO = NO;
				MTL_FAST_MATH = YES;
				SDKROOT = iphoneos;
				SWIFT_COMPILATION_MODE = wholemodule;
				SWIFT_OPTIMIZATION_LEVEL = "-O";
				VALIDATE_PRODUCT = YES;
			};
			name = Release;
		};
		8429EC5E2B5B064000BDC9EB /* Debug */ = {
			isa = XCBuildConfiguration;
			buildSettings = {
				ASSETCATALOG_COMPILER_APPICON_NAME = AppIcon;
				ASSETCATALOG_COMPILER_GLOBAL_ACCENT_COLOR_NAME = AccentColor;
				CODE_SIGN_STYLE = Automatic;
				CURRENT_PROJECT_VERSION = 1;
				DEVELOPMENT_ASSET_PATHS = "\"MovieApp/Preview Content\"";
				ENABLE_PREVIEWS = YES;
				GENERATE_INFOPLIST_FILE = YES;
				INFOPLIST_KEY_UIApplicationSceneManifest_Generation = YES;
				INFOPLIST_KEY_UIApplicationSupportsIndirectInputEvents = YES;
				INFOPLIST_KEY_UILaunchScreen_Generation = YES;
				INFOPLIST_KEY_UISupportedInterfaceOrientations_iPad = "UIInterfaceOrientationPortrait UIInterfaceOrientationPortraitUpsideDown UIInterfaceOrientationLandscapeLeft UIInterfaceOrientationLandscapeRight";
				INFOPLIST_KEY_UISupportedInterfaceOrientations_iPhone = "UIInterfaceOrientationPortrait UIInterfaceOrientationLandscapeLeft UIInterfaceOrientationLandscapeRight";
				LD_RUNPATH_SEARCH_PATHS = (
					"$(inherited)",
					"@executable_path/Frameworks",
				);
				MARKETING_VERSION = 1.0;
				PRODUCT_BUNDLE_IDENTIFIER = self.MovieApp;
				PRODUCT_NAME = "$(TARGET_NAME)";
				SWIFT_EMIT_LOC_STRINGS = YES;
				SWIFT_VERSION = 5.0;
				TARGETED_DEVICE_FAMILY = "1,2";
			};
			name = Debug;
		};
		8429EC5F2B5B064000BDC9EB /* Release */ = {
			isa = XCBuildConfiguration;
			buildSettings = {
				ASSETCATALOG_COMPILER_APPICON_NAME = AppIcon;
				ASSETCATALOG_COMPILER_GLOBAL_ACCENT_COLOR_NAME = AccentColor;
				CODE_SIGN_STYLE = Automatic;
				CURRENT_PROJECT_VERSION = 1;
				DEVELOPMENT_ASSET_PATHS = "\"MovieApp/Preview Content\"";
				ENABLE_PREVIEWS = YES;
				GENERATE_INFOPLIST_FILE = YES;
				INFOPLIST_KEY_UIApplicationSceneManifest_Generation = YES;
				INFOPLIST_KEY_UIApplicationSupportsIndirectInputEvents = YES;
				INFOPLIST_KEY_UILaunchScreen_Generation = YES;
				INFOPLIST_KEY_UISupportedInterfaceOrientations_iPad = "UIInterfaceOrientationPortrait UIInterfaceOrientationPortraitUpsideDown UIInterfaceOrientationLandscapeLeft UIInterfaceOrientationLandscapeRight";
				INFOPLIST_KEY_UISupportedInterfaceOrientations_iPhone = "UIInterfaceOrientationPortrait UIInterfaceOrientationLandscapeLeft UIInterfaceOrientationLandscapeRight";
				LD_RUNPATH_SEARCH_PATHS = (
					"$(inherited)",
					"@executable_path/Frameworks",
				);
				MARKETING_VERSION = 1.0;
				PRODUCT_BUNDLE_IDENTIFIER = self.MovieApp;
				PRODUCT_NAME = "$(TARGET_NAME)";
				SWIFT_EMIT_LOC_STRINGS = YES;
				SWIFT_VERSION = 5.0;
				TARGETED_DEVICE_FAMILY = "1,2";
			};
			name = Release;
		};
		8429EC612B5B064000BDC9EB /* Debug */ = {
			isa = XCBuildConfiguration;
			buildSettings = {
				ALWAYS_EMBED_SWIFT_STANDARD_LIBRARIES = YES;
				BUNDLE_LOADER = "$(TEST_HOST)";
				CODE_SIGN_STYLE = Automatic;
				CURRENT_PROJECT_VERSION = 1;
				GENERATE_INFOPLIST_FILE = YES;
				IPHONEOS_DEPLOYMENT_TARGET = 16.0;
				MARKETING_VERSION = 1.0;
				PRODUCT_BUNDLE_IDENTIFIER = self.MovieAppTests;
				PRODUCT_NAME = "$(TARGET_NAME)";
				SWIFT_EMIT_LOC_STRINGS = NO;
				SWIFT_VERSION = 5.0;
				TARGETED_DEVICE_FAMILY = "1,2";
				TEST_HOST = "$(BUILT_PRODUCTS_DIR)/MovieApp.app/$(BUNDLE_EXECUTABLE_FOLDER_PATH)/MovieApp";
			};
			name = Debug;
		};
		8429EC622B5B064000BDC9EB /* Release */ = {
			isa = XCBuildConfiguration;
			buildSettings = {
				ALWAYS_EMBED_SWIFT_STANDARD_LIBRARIES = YES;
				BUNDLE_LOADER = "$(TEST_HOST)";
				CODE_SIGN_STYLE = Automatic;
				CURRENT_PROJECT_VERSION = 1;
				GENERATE_INFOPLIST_FILE = YES;
				IPHONEOS_DEPLOYMENT_TARGET = 16.0;
				MARKETING_VERSION = 1.0;
				PRODUCT_BUNDLE_IDENTIFIER = self.MovieAppTests;
				PRODUCT_NAME = "$(TARGET_NAME)";
				SWIFT_EMIT_LOC_STRINGS = NO;
				SWIFT_VERSION = 5.0;
				TARGETED_DEVICE_FAMILY = "1,2";
				TEST_HOST = "$(BUILT_PRODUCTS_DIR)/MovieApp.app/$(BUNDLE_EXECUTABLE_FOLDER_PATH)/MovieApp";
			};
			name = Release;
		};
		8429EC642B5B064000BDC9EB /* Debug */ = {
			isa = XCBuildConfiguration;
			buildSettings = {
				ALWAYS_EMBED_SWIFT_STANDARD_LIBRARIES = YES;
				CODE_SIGN_STYLE = Automatic;
				CURRENT_PROJECT_VERSION = 1;
				GENERATE_INFOPLIST_FILE = YES;
				MARKETING_VERSION = 1.0;
				PRODUCT_BUNDLE_IDENTIFIER = self.MovieAppUITests;
				PRODUCT_NAME = "$(TARGET_NAME)";
				SWIFT_EMIT_LOC_STRINGS = NO;
				SWIFT_VERSION = 5.0;
				TARGETED_DEVICE_FAMILY = "1,2";
				TEST_TARGET_NAME = MovieApp;
			};
			name = Debug;
		};
		8429EC652B5B064000BDC9EB /* Release */ = {
			isa = XCBuildConfiguration;
			buildSettings = {
				ALWAYS_EMBED_SWIFT_STANDARD_LIBRARIES = YES;
				CODE_SIGN_STYLE = Automatic;
				CURRENT_PROJECT_VERSION = 1;
				GENERATE_INFOPLIST_FILE = YES;
				MARKETING_VERSION = 1.0;
				PRODUCT_BUNDLE_IDENTIFIER = self.MovieAppUITests;
				PRODUCT_NAME = "$(TARGET_NAME)";
				SWIFT_EMIT_LOC_STRINGS = NO;
				SWIFT_VERSION = 5.0;
				TARGETED_DEVICE_FAMILY = "1,2";
				TEST_TARGET_NAME = MovieApp;
			};
			name = Release;
		};
/* End XCBuildConfiguration section */

/* Begin XCConfigurationList section */
		8429EC342B5B063D00BDC9EB /* Build configuration list for PBXProject "MovieApp" */ = {
			isa = XCConfigurationList;
			buildConfigurations = (
				8429EC5B2B5B064000BDC9EB /* Debug */,
				8429EC5C2B5B064000BDC9EB /* Release */,
			);
			defaultConfigurationIsVisible = 0;
			defaultConfigurationName = Release;
		};
		8429EC5D2B5B064000BDC9EB /* Build configuration list for PBXNativeTarget "MovieApp" */ = {
			isa = XCConfigurationList;
			buildConfigurations = (
				8429EC5E2B5B064000BDC9EB /* Debug */,
				8429EC5F2B5B064000BDC9EB /* Release */,
			);
			defaultConfigurationIsVisible = 0;
			defaultConfigurationName = Release;
		};
		8429EC602B5B064000BDC9EB /* Build configuration list for PBXNativeTarget "MovieAppTests" */ = {
			isa = XCConfigurationList;
			buildConfigurations = (
				8429EC612B5B064000BDC9EB /* Debug */,
				8429EC622B5B064000BDC9EB /* Release */,
			);
			defaultConfigurationIsVisible = 0;
			defaultConfigurationName = Release;
		};
		8429EC632B5B064000BDC9EB /* Build configuration list for PBXNativeTarget "MovieAppUITests" */ = {
			isa = XCConfigurationList;
			buildConfigurations = (
				8429EC642B5B064000BDC9EB /* Debug */,
				8429EC652B5B064000BDC9EB /* Release */,
			);
			defaultConfigurationIsVisible = 0;
			defaultConfigurationName = Release;
		};
/* End XCConfigurationList section */
	};
	rootObject = 8429EC312B5B063D00BDC9EB /* Project object */;
}
